
Microsoft Visual Studio Solution File, Format Version 12.00
# Visual Studio Version 16
VisualStudioVersion = 16.0.30011.22
MinimumVisualStudioVersion = 10.0.40219.1
Project("{9A19103F-16F7-4668-BE54-9A1E7A4F7556}") = "ArtListVideoManager", "ArtListVideoManager\ArtListVideoManager.csproj", "{BB182805-2918-4291-9064-E48DADB5E844}"
EndProject
Project("{9A19103F-16F7-4668-BE54-9A1E7A4F7556}") = "ArtListVideoManager.DAL", "ArtlistVideoManager.DAL\ArtListVideoManager.DAL.csproj", "{41B5757A-8AD4-4153-8DA8-87138788B50A}"
EndProject
Project("{9A19103F-16F7-4668-BE54-9A1E7A4F7556}") = "ArtListVideoManager.Model", "ArtListVideoManaer.Model\ArtListVideoManager.Model.csproj", "{E9B96765-9219-400E-8AC8-513D52DF45C5}"
EndProject
Project("{FAE04EC0-301F-11D3-BF4B-00C04F79EFBC}") = "ArtListVideoManager.Interfaces", "ArtListVideoManager.Interfaces\ArtListVideoManager.Interfaces.csproj", "{7EC47432-6F42-4A22-B4F2-325DCDE40363}"
EndProject
Global
	GlobalSection(SolutionConfigurationPlatforms) = preSolution
		Debug|Any CPU = Debug|Any CPU
		Release|Any CPU = Release|Any CPU
	EndGlobalSection
	GlobalSection(ProjectConfigurationPlatforms) = postSolution
		{BB182805-2918-4291-9064-E48DADB5E844}.Debug|Any CPU.ActiveCfg = Debug|Any CPU
		{BB182805-2918-4291-9064-E48DADB5E844}.Debug|Any CPU.Build.0 = Debug|Any CPU
		{BB182805-2918-4291-9064-E48DADB5E844}.Release|Any CPU.ActiveCfg = Release|Any CPU
		{BB182805-2918-4291-9064-E48DADB5E844}.Release|Any CPU.Build.0 = Release|Any CPU
		{41B5757A-8AD4-4153-8DA8-87138788B50A}.Debug|Any CPU.ActiveCfg = Debug|Any CPU
		{41B5757A-8AD4-4153-8DA8-87138788B50A}.Debug|Any CPU.Build.0 = Debug|Any CPU
		{41B5757A-8AD4-4153-8DA8-87138788B50A}.Release|Any CPU.ActiveCfg = Release|Any CPU
		{41B5757A-8AD4-4153-8DA8-87138788B50A}.Release|Any CPU.Build.0 = Release|Any CPU
		{E9B96765-9219-400E-8AC8-513D52DF45C5}.Debug|Any CPU.ActiveCfg = Debug|Any CPU
		{E9B96765-9219-400E-8AC8-513D52DF45C5}.Debug|Any CPU.Build.0 = Debug|Any CPU
		{E9B96765-9219-400E-8AC8-513D52DF45C5}.Release|Any CPU.ActiveCfg = Release|Any CPU
		{E9B96765-9219-400E-8AC8-513D52DF45C5}.Release|Any CPU.Build.0 = Release|Any CPU
		{7EC47432-6F42-4A22-B4F2-325DCDE40363}.Debug|Any CPU.ActiveCfg = Debug|Any CPU
		{7EC47432-6F42-4A22-B4F2-325DCDE40363}.Debug|Any CPU.Build.0 = Debug|Any CPU
		{7EC47432-6F42-4A22-B4F2-325DCDE40363}.Release|Any CPU.ActiveCfg = Release|Any CPU
		{7EC47432-6F42-4A22-B4F2-325DCDE40363}.Release|Any CPU.Build.0 = Release|Any CPU
	EndGlobalSection
	GlobalSection(SolutionProperties) = preSolution
		HideSolutionNode = FALSE
	EndGlobalSection
	GlobalSection(ExtensibilityGlobals) = postSolution
		SolutionGuid = {82267613-173D-4218-8842-960EE61F816E}
	EndGlobalSection
EndGlobal
